
Microsoft Visual Studio Solution File, Format Version 12.00
# Visual Studio 14
VisualStudioVersion = 14.0.25420.1
MinimumVisualStudioVersion = 10.0.40219.1
Project("{FAE04EC0-301F-11D3-BF4B-00C04F79EFBC}") = "Proyecto_Farmacia", "Proyecto_Farmacia\Proyecto_Farmacia.csproj", "{F639B9ED-CD2A-403A-BEB3-15C36A6E1417}"
EndProject
Project("{FAE04EC0-301F-11D3-BF4B-00C04F79EFBC}") = "DAL", "DAL\DAL.csproj", "{8100B105-F4A8-45AB-B86C-68E856AEE583}"
EndProject
Project("{FAE04EC0-301F-11D3-BF4B-00C04F79EFBC}") = "BLL", "BLL\BLL.csproj", "{647DD359-3521-49FF-9AE2-EAC2CFAF039D}"
EndProject
Project("{FAE04EC0-301F-11D3-BF4B-00C04F79EFBC}") = "UI", "UI\UI.csproj", "{4C59F816-9478-4B71-B3FB-89D4A37214B0}"
EndProject
Global
	GlobalSection(SolutionConfigurationPlatforms) = preSolution
		Debug|Any CPU = Debug|Any CPU
		Release|Any CPU = Release|Any CPU
	EndGlobalSection
	GlobalSection(ProjectConfigurationPlatforms) = postSolution
		{F639B9ED-CD2A-403A-BEB3-15C36A6E1417}.Debug|Any CPU.ActiveCfg = Debug|Any CPU
		{F639B9ED-CD2A-403A-BEB3-15C36A6E1417}.Debug|Any CPU.Build.0 = Debug|Any CPU
		{F639B9ED-CD2A-403A-BEB3-15C36A6E1417}.Release|Any CPU.ActiveCfg = Release|Any CPU
		{F639B9ED-CD2A-403A-BEB3-15C36A6E1417}.Release|Any CPU.Build.0 = Release|Any CPU
		{8100B105-F4A8-45AB-B86C-68E856AEE583}.Debug|Any CPU.ActiveCfg = Debug|Any CPU
		{8100B105-F4A8-45AB-B86C-68E856AEE583}.Debug|Any CPU.Build.0 = Debug|Any CPU
		{8100B105-F4A8-45AB-B86C-68E856AEE583}.Release|Any CPU.ActiveCfg = Release|Any CPU
		{8100B105-F4A8-45AB-B86C-68E856AEE583}.Release|Any CPU.Build.0 = Release|Any CPU
		{647DD359-3521-49FF-9AE2-EAC2CFAF039D}.Debug|Any CPU.ActiveCfg = Debug|Any CPU
		{647DD359-3521-49FF-9AE2-EAC2CFAF039D}.Debug|Any CPU.Build.0 = Debug|Any CPU
		{647DD359-3521-49FF-9AE2-EAC2CFAF039D}.Release|Any CPU.ActiveCfg = Release|Any CPU
		{647DD359-3521-49FF-9AE2-EAC2CFAF039D}.Release|Any CPU.Build.0 = Release|Any CPU
		{4C59F816-9478-4B71-B3FB-89D4A37214B0}.Debug|Any CPU.ActiveCfg = Debug|Any CPU
		{4C59F816-9478-4B71-B3FB-89D4A37214B0}.Debug|Any CPU.Build.0 = Debug|Any CPU
		{4C59F816-9478-4B71-B3FB-89D4A37214B0}.Release|Any CPU.ActiveCfg = Release|Any CPU
		{4C59F816-9478-4B71-B3FB-89D4A37214B0}.Release|Any CPU.Build.0 = Release|Any CPU
	EndGlobalSection
	GlobalSection(SolutionProperties) = preSolution
		HideSolutionNode = FALSE
	EndGlobalSection
EndGlobal
